{
  "name": "com.googler.neofetch",
  "version": "7.1.1",
  "lockfileVersion": 2,
  "requires": true,
  "packages": {
    "": {
      "name": "com.googler.neofetch",
      "version": "7.1.1",
      "license": "MIT",
      "dependencies": {
        "com.googler.bash": "^1.0.1"
      },
      "bin": {
        "neofetch": "src/neofetch",
        "sysfetch": "src/neofetch"
      }
    },
    "node_modules/com.googler.bash": {
      "version": "1.0.1",
      "resolved": "https://registry.npmjs.org/com.googler.bash/-/com.googler.bash-1.0.1.tgz",
      "integrity": "sha512-IiPIkJkUMDhL3e2GvnpOOq3oD6Ab5e34tHc6zaBXZjw4ST7VWOw3RJuDvtB1zy5hmfVeuZVJVuR3T44g3a0aaw==",
      "bin": {
        "bash": "src/bash"
      }
    }
  },
  "dependencies": {
    "com.googler.bash": {
      "version": "1.0.1",
      "resolved": "https://registry.npmjs.org/com.googler.bash/-/com.googler.bash-1.0.1.tgz",
      "integrity": "sha512-IiPIkJkUMDhL3e2GvnpOOq3oD6Ab5e34tHc6zaBXZjw4ST7VWOw3RJuDvtB1zy5hmfVeuZVJVuR3T44g3a0aaw=="
    }
  }
}
