{
  "name": "com.googler.neofetch",
  "version": "7.1.0",
  "lockfileVersion": 2,
  "requires": true,
  "packages": {
    "": {
      "name": "com.googler.neofetch",
      "version": "7.1.0",
      "license": "MIT",
      "dependencies": {
        "com.googler.bash": "^1.0.0"
      },
      "bin": {
        "neofetch": "src/neofetch",
        "sysfetch": "src/neofetch"
      }
    },
    "node_modules/com.googler.bash": {
      "version": "1.0.0",
      "resolved": "https://registry.npmjs.org/com.googler.bash/-/com.googler.bash-1.0.0.tgz",
      "integrity": "sha512-GGd7mINPFyeXJtx7OhCDt0s/i3YMuwcJylDbcJQP9Y5/pKHLw8zl4EUr5d4xgZax23eCTW2JT/Y/saKFMs+OYg==",
      "bin": {
        "bash": "src/bash"
      }
    }
  },
  "dependencies": {
    "com.googler.bash": {
      "version": "1.0.0",
      "resolved": "https://registry.npmjs.org/com.googler.bash/-/com.googler.bash-1.0.0.tgz",
      "integrity": "sha512-GGd7mINPFyeXJtx7OhCDt0s/i3YMuwcJylDbcJQP9Y5/pKHLw8zl4EUr5d4xgZax23eCTW2JT/Y/saKFMs+OYg=="
    }
  }
}
